// !$*UTF8*$!
{
	archiveVersion = 1;
	classes = {
	};
	objectVersion = 56;
	objects = {

/* Begin PBXBuildFile section */
		5073F9213C71FCAA448DC931 /* Pods_YearEndBetting.framework in Frameworks */ = {isa = PBXBuildFile; fileRef = 0458348EBA222EB2374B1FB7 /* Pods_YearEndBetting.framework */; };
		D00799DC2CFB68DC009AFBFB /* GroupItemCell.swift in Sources */ = {isa = PBXBuildFile; fileRef = D00799DB2CFB68DC009AFBFB /* GroupItemCell.swift */; };
		D026C7A62CF6B17000023305 /* AppDelegate.swift in Sources */ = {isa = PBXBuildFile; fileRef = D026C7A52CF6B17000023305 /* AppDelegate.swift */; };
		D026C7A82CF6B17000023305 /* SceneDelegate.swift in Sources */ = {isa = PBXBuildFile; fileRef = D026C7A72CF6B17000023305 /* SceneDelegate.swift */; };
		D026C7AA2CF6B17000023305 /* MainViewController.swift in Sources */ = {isa = PBXBuildFile; fileRef = D026C7A92CF6B17000023305 /* MainViewController.swift */; };
		D026C7AF2CF6B17200023305 /* Assets.xcassets in Resources */ = {isa = PBXBuildFile; fileRef = D026C7AE2CF6B17200023305 /* Assets.xcassets */; };
		D026C7B22CF6B17200023305 /* Base in Resources */ = {isa = PBXBuildFile; fileRef = D026C7B12CF6B17200023305 /* Base */; };
		D09F208A2CFDD39B00A02938 /* RankingViewController.swift in Sources */ = {isa = PBXBuildFile; fileRef = D09F20892CFDD39B00A02938 /* RankingViewController.swift */; };
		D0A469E62D0571C80058D553 /* RankingGroupCell.swift in Sources */ = {isa = PBXBuildFile; fileRef = D0A469E52D0571C80058D553 /* RankingGroupCell.swift */; };
		D0A469E82D057C5D0058D553 /* NavigationController.swift in Sources */ = {isa = PBXBuildFile; fileRef = D0A469E72D057C5D0058D553 /* NavigationController.swift */; };
		D0A469EA2D0582110058D553 /* ResultViewController.swift in Sources */ = {isa = PBXBuildFile; fileRef = D0A469E92D0582110058D553 /* ResultViewController.swift */; };
		D0A469EC2D05A83B0058D553 /* ResultGroupCell.swift in Sources */ = {isa = PBXBuildFile; fileRef = D0A469EB2D05A83B0058D553 /* ResultGroupCell.swift */; };
		D0C67B562CFC2324008C9BA7 /* AnimalKeyboardView.swift in Sources */ = {isa = PBXBuildFile; fileRef = D0C67B552CFC2324008C9BA7 /* AnimalKeyboardView.swift */; };
		D0C67B582CFC289C008C9BA7 /* AnimalView.swift in Sources */ = {isa = PBXBuildFile; fileRef = D0C67B572CFC289C008C9BA7 /* AnimalView.swift */; };
		D0C67B5A2CFC62BF008C9BA7 /* BettingViewController.swift in Sources */ = {isa = PBXBuildFile; fileRef = D0C67B592CFC62BF008C9BA7 /* BettingViewController.swift */; };
		D0C67B5C2CFC7748008C9BA7 /* AmountKeyboardView.swift in Sources */ = {isa = PBXBuildFile; fileRef = D0C67B5B2CFC7748008C9BA7 /* AmountKeyboardView.swift */; };
		D0C67B5E2CFC775F008C9BA7 /* AmountView.swift in Sources */ = {isa = PBXBuildFile; fileRef = D0C67B5D2CFC775F008C9BA7 /* AmountView.swift */; };
		D0E813372CFAB3A60047D2FE /* GameItemCell.swift in Sources */ = {isa = PBXBuildFile; fileRef = D0E813362CFAB3A60047D2FE /* GameItemCell.swift */; };
		D0E813392CFAE6510047D2FE /* LoginViewController.swift in Sources */ = {isa = PBXBuildFile; fileRef = D0E813382CFAE6510047D2FE /* LoginViewController.swift */; };
/* End PBXBuildFile section */

/* Begin PBXFileReference section */
		0458348EBA222EB2374B1FB7 /* Pods_YearEndBetting.framework */ = {isa = PBXFileReference; explicitFileType = wrapper.framework; includeInIndex = 0; path = Pods_YearEndBetting.framework; sourceTree = BUILT_PRODUCTS_DIR; };
		5AE77C14BA40BF4A2FFE1915 /* Pods-YearEndBetting.debug.xcconfig */ = {isa = PBXFileReference; includeInIndex = 1; lastKnownFileType = text.xcconfig; name = "Pods-YearEndBetting.debug.xcconfig"; path = "Target Support Files/Pods-YearEndBetting/Pods-YearEndBetting.debug.xcconfig"; sourceTree = "<group>"; };
		BFC503B9E22317C958F232CD /* Pods-YearEndBetting.release.xcconfig */ = {isa = PBXFileReference; includeInIndex = 1; lastKnownFileType = text.xcconfig; name = "Pods-YearEndBetting.release.xcconfig"; path = "Target Support Files/Pods-YearEndBetting/Pods-YearEndBetting.release.xcconfig"; sourceTree = "<group>"; };
		D00799DB2CFB68DC009AFBFB /* GroupItemCell.swift */ = {isa = PBXFileReference; lastKnownFileType = sourcecode.swift; path = GroupItemCell.swift; sourceTree = "<group>"; };
		D026C7A22CF6B17000023305 /* YearEndBetting.app */ = {isa = PBXFileReference; explicitFileType = wrapper.application; includeInIndex = 0; path = YearEndBetting.app; sourceTree = BUILT_PRODUCTS_DIR; };
		D026C7A52CF6B17000023305 /* AppDelegate.swift */ = {isa = PBXFileReference; lastKnownFileType = sourcecode.swift; path = AppDelegate.swift; sourceTree = "<group>"; };
		D026C7A72CF6B17000023305 /* SceneDelegate.swift */ = {isa = PBXFileReference; lastKnownFileType = sourcecode.swift; path = SceneDelegate.swift; sourceTree = "<group>"; };
		D026C7A92CF6B17000023305 /* MainViewController.swift */ = {isa = PBXFileReference; lastKnownFileType = sourcecode.swift; path = MainViewController.swift; sourceTree = "<group>"; };
		D026C7AE2CF6B17200023305 /* Assets.xcassets */ = {isa = PBXFileReference; lastKnownFileType = folder.assetcatalog; path = Assets.xcassets; sourceTree = "<group>"; };
		D026C7B12CF6B17200023305 /* Base */ = {isa = PBXFileReference; lastKnownFileType = file.storyboard; name = Base; path = Base.lproj/LaunchScreen.storyboard; sourceTree = "<group>"; };
		D026C7B32CF6B17200023305 /* Info.plist */ = {isa = PBXFileReference; lastKnownFileType = text.plist.xml; path = Info.plist; sourceTree = "<group>"; };
		D09F20892CFDD39B00A02938 /* RankingViewController.swift */ = {isa = PBXFileReference; lastKnownFileType = sourcecode.swift; path = RankingViewController.swift; sourceTree = "<group>"; };
		D0A469E52D0571C80058D553 /* RankingGroupCell.swift */ = {isa = PBXFileReference; lastKnownFileType = sourcecode.swift; path = RankingGroupCell.swift; sourceTree = "<group>"; };
		D0A469E72D057C5D0058D553 /* NavigationController.swift */ = {isa = PBXFileReference; lastKnownFileType = sourcecode.swift; path = NavigationController.swift; sourceTree = "<group>"; };
		D0A469E92D0582110058D553 /* ResultViewController.swift */ = {isa = PBXFileReference; lastKnownFileType = sourcecode.swift; path = ResultViewController.swift; sourceTree = "<group>"; };
		D0A469EB2D05A83B0058D553 /* ResultGroupCell.swift */ = {isa = PBXFileReference; lastKnownFileType = sourcecode.swift; path = ResultGroupCell.swift; sourceTree = "<group>"; };
		D0C67B552CFC2324008C9BA7 /* AnimalKeyboardView.swift */ = {isa = PBXFileReference; lastKnownFileType = sourcecode.swift; path = AnimalKeyboardView.swift; sourceTree = "<group>"; };
		D0C67B572CFC289C008C9BA7 /* AnimalView.swift */ = {isa = PBXFileReference; lastKnownFileType = sourcecode.swift; path = AnimalView.swift; sourceTree = "<group>"; };
		D0C67B592CFC62BF008C9BA7 /* BettingViewController.swift */ = {isa = PBXFileReference; lastKnownFileType = sourcecode.swift; path = BettingViewController.swift; sourceTree = "<group>"; };
		D0C67B5B2CFC7748008C9BA7 /* AmountKeyboardView.swift */ = {isa = PBXFileReference; lastKnownFileType = sourcecode.swift; path = AmountKeyboardView.swift; sourceTree = "<group>"; };
		D0C67B5D2CFC775F008C9BA7 /* AmountView.swift */ = {isa = PBXFileReference; lastKnownFileType = sourcecode.swift; path = AmountView.swift; sourceTree = "<group>"; };
		D0E813362CFAB3A60047D2FE /* GameItemCell.swift */ = {isa = PBXFileReference; lastKnownFileType = sourcecode.swift; path = GameItemCell.swift; sourceTree = "<group>"; };
		D0E813382CFAE6510047D2FE /* LoginViewController.swift */ = {isa = PBXFileReference; lastKnownFileType = sourcecode.swift; path = LoginViewController.swift; sourceTree = "<group>"; };
/* End PBXFileReference section */

/* Begin PBXFrameworksBuildPhase section */
		D026C79F2CF6B17000023305 /* Frameworks */ = {
			isa = PBXFrameworksBuildPhase;
			buildActionMask = 2147483647;
			files = (
				5073F9213C71FCAA448DC931 /* Pods_YearEndBetting.framework in Frameworks */,
			);
			runOnlyForDeploymentPostprocessing = 0;
		};
/* End PBXFrameworksBuildPhase section */

/* Begin PBXGroup section */
		6236F3A65AC84B474C301F03 /* Pods */ = {
			isa = PBXGroup;
			children = (
				5AE77C14BA40BF4A2FFE1915 /* Pods-YearEndBetting.debug.xcconfig */,
				BFC503B9E22317C958F232CD /* Pods-YearEndBetting.release.xcconfig */,
			);
			path = Pods;
			sourceTree = "<group>";
		};
		D026C7992CF6B17000023305 = {
			isa = PBXGroup;
			children = (
				D026C7A42CF6B17000023305 /* YearEndBetting */,
				6236F3A65AC84B474C301F03 /* Pods */,
				E8D0EA8ED41D14C927467FEF /* Frameworks */,
			);
			sourceTree = "<group>";
		};
		D026C7A32CF6B17000023305 /* Products */ = {
			isa = PBXGroup;
			children = (
				D026C7A22CF6B17000023305 /* YearEndBetting.app */,
			);
			name = Products;
			path = ..;
			sourceTree = "<group>";
		};
		D026C7A42CF6B17000023305 /* YearEndBetting */ = {
			isa = PBXGroup;
			children = (
				D0915F462D1439FC0011D521 /* Application */,
				D0915F472D143A1B0011D521 /* Extensions */,
				D0915F482D143A530011D521 /* Login */,
				D0915F492D143A7A0011D521 /* Main */,
				D0915F4A2D143B1F0011D521 /* Betting */,
				D0915F4B2D143B9A0011D521 /* Ranking */,
				D0915F4C2D143BBF0011D521 /* Result */,
				D0915F4D2D143BFF0011D521 /* Resources */,
				D026C7B32CF6B17200023305 /* Info.plist */,
				D026C7A32CF6B17000023305 /* Products */,
			);
			path = YearEndBetting;
			sourceTree = "<group>";
		};
		D0915F462D1439FC0011D521 /* Application */ = {
			isa = PBXGroup;
			children = (
				D026C7A72CF6B17000023305 /* SceneDelegate.swift */,
				D026C7A52CF6B17000023305 /* AppDelegate.swift */,
			);
			path = Application;
			sourceTree = "<group>";
		};
		D0915F472D143A1B0011D521 /* Extensions */ = {
			isa = PBXGroup;
			children = (
				D0A469E72D057C5D0058D553 /* NavigationController.swift */,
			);
			path = Extensions;
			sourceTree = "<group>";
		};
		D0915F482D143A530011D521 /* Login */ = {
			isa = PBXGroup;
			children = (
				D0E813382CFAE6510047D2FE /* LoginViewController.swift */,
				D00799DB2CFB68DC009AFBFB /* GroupItemCell.swift */,
				D0C67B552CFC2324008C9BA7 /* AnimalKeyboardView.swift */,
				D0C67B572CFC289C008C9BA7 /* AnimalView.swift */,
			);
			path = Login;
			sourceTree = "<group>";
		};
		D0915F492D143A7A0011D521 /* Main */ = {
			isa = PBXGroup;
			children = (
				D026C7A92CF6B17000023305 /* MainViewController.swift */,
				D0E813362CFAB3A60047D2FE /* GameItemCell.swift */,
			);
			path = Main;
			sourceTree = "<group>";
		};
		D0915F4A2D143B1F0011D521 /* Betting */ = {
			isa = PBXGroup;
			children = (
				D0C67B592CFC62BF008C9BA7 /* BettingViewController.swift */,
				D0C67B5B2CFC7748008C9BA7 /* AmountKeyboardView.swift */,
				D0C67B5D2CFC775F008C9BA7 /* AmountView.swift */,
			);
			path = Betting;
			sourceTree = "<group>";
		};
		D0915F4B2D143B9A0011D521 /* Ranking */ = {
			isa = PBXGroup;
			children = (
				D09F20892CFDD39B00A02938 /* RankingViewController.swift */,
				D0A469E52D0571C80058D553 /* RankingGroupCell.swift */,
			);
			path = Ranking;
			sourceTree = "<group>";
		};
		D0915F4C2D143BBF0011D521 /* Result */ = {
			isa = PBXGroup;
			children = (
				D0A469E92D0582110058D553 /* ResultViewController.swift */,
				D0A469EB2D05A83B0058D553 /* ResultGroupCell.swift */,
			);
			path = Result;
			sourceTree = "<group>";
		};
		D0915F4D2D143BFF0011D521 /* Resources */ = {
			isa = PBXGroup;
			children = (
				D026C7AE2CF6B17200023305 /* Assets.xcassets */,
				D026C7B02CF6B17200023305 /* LaunchScreen.storyboard */,
			);
			path = Resources;
			sourceTree = "<group>";
		};
		E8D0EA8ED41D14C927467FEF /* Frameworks */ = {
			isa = PBXGroup;
			children = (
				0458348EBA222EB2374B1FB7 /* Pods_YearEndBetting.framework */,
			);
			name = Frameworks;
			sourceTree = "<group>";
		};
/* End PBXGroup section */

/* Begin PBXNativeTarget section */
		D026C7A12CF6B17000023305 /* YearEndBetting */ = {
			isa = PBXNativeTarget;
			buildConfigurationList = D026C7B62CF6B17200023305 /* Build configuration list for PBXNativeTarget "YearEndBetting" */;
			buildPhases = (
				61D36E2BA701DB64BE3F1B89 /* [CP] Check Pods Manifest.lock */,
				D026C79E2CF6B17000023305 /* Sources */,
				D026C79F2CF6B17000023305 /* Frameworks */,
				D026C7A02CF6B17000023305 /* Resources */,
				89DC3249C6B948654A1417B4 /* [CP] Embed Pods Frameworks */,
			);
			buildRules = (
			);
			dependencies = (
			);
			name = YearEndBetting;
			productName = YearEndBetting;
			productReference = D026C7A22CF6B17000023305 /* YearEndBetting.app */;
			productType = "com.apple.product-type.application";
		};
/* End PBXNativeTarget section */

/* Begin PBXProject section */
		D026C79A2CF6B17000023305 /* Project object */ = {
			isa = PBXProject;
			attributes = {
				BuildIndependentTargetsInParallel = 1;
				LastSwiftUpdateCheck = 1540;
				LastUpgradeCheck = 1540;
				TargetAttributes = {
					D026C7A12CF6B17000023305 = {
						CreatedOnToolsVersion = 15.4;
					};
				};
			};
			buildConfigurationList = D026C79D2CF6B17000023305 /* Build configuration list for PBXProject "YearEndBetting" */;
			compatibilityVersion = "Xcode 14.0";
			developmentRegion = en;
			hasScannedForEncodings = 0;
			knownRegions = (
				en,
				Base,
			);
			mainGroup = D026C7992CF6B17000023305;
			productRefGroup = D026C7A32CF6B17000023305 /* Products */;
			projectDirPath = "";
			projectRoot = "";
			targets = (
				D026C7A12CF6B17000023305 /* YearEndBetting */,
			);
		};
/* End PBXProject section */

/* Begin PBXResourcesBuildPhase section */
		D026C7A02CF6B17000023305 /* Resources */ = {
			isa = PBXResourcesBuildPhase;
			buildActionMask = 2147483647;
			files = (
				D026C7AF2CF6B17200023305 /* Assets.xcassets in Resources */,
				D026C7B22CF6B17200023305 /* Base in Resources */,
			);
			runOnlyForDeploymentPostprocessing = 0;
		};
/* End PBXResourcesBuildPhase section */

/* Begin PBXShellScriptBuildPhase section */
		61D36E2BA701DB64BE3F1B89 /* [CP] Check Pods Manifest.lock */ = {
			isa = PBXShellScriptBuildPhase;
			buildActionMask = 2147483647;
			files = (
			);
			inputFileListPaths = (
			);
			inputPaths = (
				"${PODS_PODFILE_DIR_PATH}/Podfile.lock",
				"${PODS_ROOT}/Manifest.lock",
			);
			name = "[CP] Check Pods Manifest.lock";
			outputFileListPaths = (
			);
			outputPaths = (
				"$(DERIVED_FILE_DIR)/Pods-YearEndBetting-checkManifestLockResult.txt",
			);
			runOnlyForDeploymentPostprocessing = 0;
			shellPath = /bin/sh;
			shellScript = "diff \"${PODS_PODFILE_DIR_PATH}/Podfile.lock\" \"${PODS_ROOT}/Manifest.lock\" > /dev/null\nif [ $? != 0 ] ; then\n    # print error to STDERR\n    echo \"error: The sandbox is not in sync with the Podfile.lock. Run 'pod install' or update your CocoaPods installation.\" >&2\n    exit 1\nfi\n# This output is used by Xcode 'outputs' to avoid re-running this script phase.\necho \"SUCCESS\" > \"${SCRIPT_OUTPUT_FILE_0}\"\n";
			showEnvVarsInLog = 0;
		};
		89DC3249C6B948654A1417B4 /* [CP] Embed Pods Frameworks */ = {
			isa = PBXShellScriptBuildPhase;
			buildActionMask = 2147483647;
			files = (
			);
			inputFileListPaths = (
				"${PODS_ROOT}/Target Support Files/Pods-YearEndBetting/Pods-YearEndBetting-frameworks-${CONFIGURATION}-input-files.xcfilelist",
			);
			name = "[CP] Embed Pods Frameworks";
			outputFileListPaths = (
				"${PODS_ROOT}/Target Support Files/Pods-YearEndBetting/Pods-YearEndBetting-frameworks-${CONFIGURATION}-output-files.xcfilelist",
			);
			runOnlyForDeploymentPostprocessing = 0;
			shellPath = /bin/sh;
			shellScript = "\"${PODS_ROOT}/Target Support Files/Pods-YearEndBetting/Pods-YearEndBetting-frameworks.sh\"\n";
			showEnvVarsInLog = 0;
		};
/* End PBXShellScriptBuildPhase section */

/* Begin PBXSourcesBuildPhase section */
		D026C79E2CF6B17000023305 /* Sources */ = {
			isa = PBXSourcesBuildPhase;
			buildActionMask = 2147483647;
			files = (
				D0C67B582CFC289C008C9BA7 /* AnimalView.swift in Sources */,
				D026C7AA2CF6B17000023305 /* MainViewController.swift in Sources */,
				D0C67B562CFC2324008C9BA7 /* AnimalKeyboardView.swift in Sources */,
				D0E813372CFAB3A60047D2FE /* GameItemCell.swift in Sources */,
				D00799DC2CFB68DC009AFBFB /* GroupItemCell.swift in Sources */,
				D0A469EA2D0582110058D553 /* ResultViewController.swift in Sources */,
				D0A469E82D057C5D0058D553 /* NavigationController.swift in Sources */,
				D0C67B5E2CFC775F008C9BA7 /* AmountView.swift in Sources */,
				D026C7A62CF6B17000023305 /* AppDelegate.swift in Sources */,
				D0E813392CFAE6510047D2FE /* LoginViewController.swift in Sources */,
				D026C7A82CF6B17000023305 /* SceneDelegate.swift in Sources */,
				D0C67B5C2CFC7748008C9BA7 /* AmountKeyboardView.swift in Sources */,
				D0A469EC2D05A83B0058D553 /* ResultGroupCell.swift in Sources */,
				D0A469E62D0571C80058D553 /* RankingGroupCell.swift in Sources */,
				D0C67B5A2CFC62BF008C9BA7 /* BettingViewController.swift in Sources */,
				D09F208A2CFDD39B00A02938 /* RankingViewController.swift in Sources */,
			);
			runOnlyForDeploymentPostprocessing = 0;
		};
/* End PBXSourcesBuildPhase section */

/* Begin PBXVariantGroup section */
		D026C7B02CF6B17200023305 /* LaunchScreen.storyboard */ = {
			isa = PBXVariantGroup;
			children = (
				D026C7B12CF6B17200023305 /* Base */,
			);
			name = LaunchScreen.storyboard;
			sourceTree = "<group>";
		};
/* End PBXVariantGroup section */

/* Begin XCBuildConfiguration section */
		D026C7B42CF6B17200023305 /* Debug */ = {
			isa = XCBuildConfiguration;
			buildSettings = {
				ALWAYS_SEARCH_USER_PATHS = NO;
				ASSETCATALOG_COMPILER_GENERATE_SWIFT_ASSET_SYMBOL_EXTENSIONS = YES;
				CLANG_ANALYZER_NONNULL = YES;
				CLANG_ANALYZER_NUMBER_OBJECT_CONVERSION = YES_AGGRESSIVE;
				CLANG_CXX_LANGUAGE_STANDARD = "gnu++20";
				CLANG_ENABLE_MODULES = YES;
				CLANG_ENABLE_OBJC_ARC = YES;
				CLANG_ENABLE_OBJC_WEAK = YES;
				CLANG_WARN_BLOCK_CAPTURE_AUTORELEASING = YES;
				CLANG_WARN_BOOL_CONVERSION = YES;
				CLANG_WARN_COMMA = YES;
				CLANG_WARN_CONSTANT_CONVERSION = YES;
				CLANG_WARN_DEPRECATED_OBJC_IMPLEMENTATIONS = YES;
				CLANG_WARN_DIRECT_OBJC_ISA_USAGE = YES_ERROR;
				CLANG_WARN_DOCUMENTATION_COMMENTS = YES;
				CLANG_WARN_EMPTY_BODY = YES;
				CLANG_WARN_ENUM_CONVERSION = YES;
				CLANG_WARN_INFINITE_RECURSION = YES;
				CLANG_WARN_INT_CONVERSION = YES;
				CLANG_WARN_NON_LITERAL_NULL_CONVERSION = YES;
				CLANG_WARN_OBJC_IMPLICIT_RETAIN_SELF = YES;
				CLANG_WARN_OBJC_LITERAL_CONVERSION = YES;
				CLANG_WARN_OBJC_ROOT_CLASS = YES_ERROR;
				CLANG_WARN_QUOTED_INCLUDE_IN_FRAMEWORK_HEADER = YES;
				CLANG_WARN_RANGE_LOOP_ANALYSIS = YES;
				CLANG_WARN_STRICT_PROTOTYPES = YES;
				CLANG_WARN_SUSPICIOUS_MOVE = YES;
				CLANG_WARN_UNGUARDED_AVAILABILITY = YES_AGGRESSIVE;
				CLANG_WARN_UNREACHABLE_CODE = YES;
				CLANG_WARN__DUPLICATE_METHOD_MATCH = YES;
				COPY_PHASE_STRIP = NO;
				DEBUG_INFORMATION_FORMAT = dwarf;
				ENABLE_STRICT_OBJC_MSGSEND = YES;
				ENABLE_TESTABILITY = YES;
				ENABLE_USER_SCRIPT_SANDBOXING = YES;
				GCC_C_LANGUAGE_STANDARD = gnu17;
				GCC_DYNAMIC_NO_PIC = NO;
				GCC_NO_COMMON_BLOCKS = YES;
				GCC_OPTIMIZATION_LEVEL = 0;
				GCC_PREPROCESSOR_DEFINITIONS = (
					"DEBUG=1",
					"$(inherited)",
				);
				GCC_WARN_64_TO_32_BIT_CONVERSION = YES;
				GCC_WARN_ABOUT_RETURN_TYPE = YES_ERROR;
				GCC_WARN_UNDECLARED_SELECTOR = YES;
				GCC_WARN_UNINITIALIZED_AUTOS = YES_AGGRESSIVE;
				GCC_WARN_UNUSED_FUNCTION = YES;
				GCC_WARN_UNUSED_VARIABLE = YES;
				IPHONEOS_DEPLOYMENT_TARGET = 17.5;
				LOCALIZATION_PREFERS_STRING_CATALOGS = YES;
				MTL_ENABLE_DEBUG_INFO = INCLUDE_SOURCE;
				MTL_FAST_MATH = YES;
				ONLY_ACTIVE_ARCH = YES;
				SDKROOT = iphoneos;
				SWIFT_ACTIVE_COMPILATION_CONDITIONS = "DEBUG $(inherited)";
				SWIFT_OPTIMIZATION_LEVEL = "-Onone";
			};
			name = Debug;
		};
		D026C7B52CF6B17200023305 /* Release */ = {
			isa = XCBuildConfiguration;
			buildSettings = {
				ALWAYS_SEARCH_USER_PATHS = NO;
				ASSETCATALOG_COMPILER_GENERATE_SWIFT_ASSET_SYMBOL_EXTENSIONS = YES;
				CLANG_ANALYZER_NONNULL = YES;
				CLANG_ANALYZER_NUMBER_OBJECT_CONVERSION = YES_AGGRESSIVE;
				CLANG_CXX_LANGUAGE_STANDARD = "gnu++20";
				CLANG_ENABLE_MODULES = YES;
				CLANG_ENABLE_OBJC_ARC = YES;
				CLANG_ENABLE_OBJC_WEAK = YES;
				CLANG_WARN_BLOCK_CAPTURE_AUTORELEASING = YES;
				CLANG_WARN_BOOL_CONVERSION = YES;
				CLANG_WARN_COMMA = YES;
				CLANG_WARN_CONSTANT_CONVERSION = YES;
				CLANG_WARN_DEPRECATED_OBJC_IMPLEMENTATIONS = YES;
				CLANG_WARN_DIRECT_OBJC_ISA_USAGE = YES_ERROR;
				CLANG_WARN_DOCUMENTATION_COMMENTS = YES;
				CLANG_WARN_EMPTY_BODY = YES;
				CLANG_WARN_ENUM_CONVERSION = YES;
				CLANG_WARN_INFINITE_RECURSION = YES;
				CLANG_WARN_INT_CONVERSION = YES;
				CLANG_WARN_NON_LITERAL_NULL_CONVERSION = YES;
				CLANG_WARN_OBJC_IMPLICIT_RETAIN_SELF = YES;
				CLANG_WARN_OBJC_LITERAL_CONVERSION = YES;
				CLANG_WARN_OBJC_ROOT_CLASS = YES_ERROR;
				CLANG_WARN_QUOTED_INCLUDE_IN_FRAMEWORK_HEADER = YES;
				CLANG_WARN_RANGE_LOOP_ANALYSIS = YES;
				CLANG_WARN_STRICT_PROTOTYPES = YES;
				CLANG_WARN_SUSPICIOUS_MOVE = YES;
				CLANG_WARN_UNGUARDED_AVAILABILITY = YES_AGGRESSIVE;
				CLANG_WARN_UNREACHABLE_CODE = YES;
				CLANG_WARN__DUPLICATE_METHOD_MATCH = YES;
				COPY_PHASE_STRIP = NO;
				DEBUG_INFORMATION_FORMAT = "dwarf-with-dsym";
				ENABLE_NS_ASSERTIONS = NO;
				ENABLE_STRICT_OBJC_MSGSEND = YES;
				ENABLE_USER_SCRIPT_SANDBOXING = YES;
				GCC_C_LANGUAGE_STANDARD = gnu17;
				GCC_NO_COMMON_BLOCKS = YES;
				GCC_WARN_64_TO_32_BIT_CONVERSION = YES;
				GCC_WARN_ABOUT_RETURN_TYPE = YES_ERROR;
				GCC_WARN_UNDECLARED_SELECTOR = YES;
				GCC_WARN_UNINITIALIZED_AUTOS = YES_AGGRESSIVE;
				GCC_WARN_UNUSED_FUNCTION = YES;
				GCC_WARN_UNUSED_VARIABLE = YES;
				IPHONEOS_DEPLOYMENT_TARGET = 17.5;
				LOCALIZATION_PREFERS_STRING_CATALOGS = YES;
				MTL_ENABLE_DEBUG_INFO = NO;
				MTL_FAST_MATH = YES;
				SDKROOT = iphoneos;
				SWIFT_COMPILATION_MODE = wholemodule;
				VALIDATE_PRODUCT = YES;
			};
			name = Release;
		};
		D026C7B72CF6B17200023305 /* Debug */ = {
			isa = XCBuildConfiguration;
			baseConfigurationReference = 5AE77C14BA40BF4A2FFE1915 /* Pods-YearEndBetting.debug.xcconfig */;
			buildSettings = {
				ASSETCATALOG_COMPILER_APPICON_NAME = AppIcon;
				ASSETCATALOG_COMPILER_GLOBAL_ACCENT_COLOR_NAME = AccentColor;
				CODE_SIGN_STYLE = Automatic;
				CURRENT_PROJECT_VERSION = 1;
				DEVELOPMENT_TEAM = XYDL49Q5GS;
				ENABLE_USER_SCRIPT_SANDBOXING = NO;
				GENERATE_INFOPLIST_FILE = YES;
				INFOPLIST_FILE = YearEndBetting/Info.plist;
				INFOPLIST_KEY_UIApplicationSupportsIndirectInputEvents = YES;
				INFOPLIST_KEY_UILaunchStoryboardName = LaunchScreen;
				INFOPLIST_KEY_UISupportedInterfaceOrientations = UIInterfaceOrientationPortrait;
				INFOPLIST_KEY_UISupportedInterfaceOrientations_iPad = "UIInterfaceOrientationLandscapeLeft UIInterfaceOrientationLandscapeRight UIInterfaceOrientationPortrait UIInterfaceOrientationPortraitUpsideDown";
				IPHONEOS_DEPLOYMENT_TARGET = 13.0;
				LD_RUNPATH_SEARCH_PATHS = (
					"$(inherited)",
					"@executable_path/Frameworks",
				);
				MARKETING_VERSION = 1.0;
				PRODUCT_BUNDLE_IDENTIFIER = com.jyj.YearEndBetting;
				PRODUCT_NAME = "$(TARGET_NAME)";
				SUPPORTED_PLATFORMS = "iphoneos iphonesimulator";
				SUPPORTS_MACCATALYST = NO;
				SWIFT_EMIT_LOC_STRINGS = YES;
				SWIFT_VERSION = 5.0;
				TARGETED_DEVICE_FAMILY = 1;
			};
			name = Debug;
		};
		D026C7B82CF6B17200023305 /* Release */ = {
			isa = XCBuildConfiguration;
			baseConfigurationReference = BFC503B9E22317C958F232CD /* Pods-YearEndBetting.release.xcconfig */;
			buildSettings = {
				ASSETCATALOG_COMPILER_APPICON_NAME = AppIcon;
				ASSETCATALOG_COMPILER_GLOBAL_ACCENT_COLOR_NAME = AccentColor;
				CODE_SIGN_STYLE = Automatic;
				CURRENT_PROJECT_VERSION = 1;
				DEVELOPMENT_TEAM = XYDL49Q5GS;
				ENABLE_USER_SCRIPT_SANDBOXING = NO;
				GENERATE_INFOPLIST_FILE = YES;
				INFOPLIST_FILE = YearEndBetting/Info.plist;
				INFOPLIST_KEY_UIApplicationSupportsIndirectInputEvents = YES;
				INFOPLIST_KEY_UILaunchStoryboardName = LaunchScreen;
				INFOPLIST_KEY_UISupportedInterfaceOrientations = UIInterfaceOrientationPortrait;
				INFOPLIST_KEY_UISupportedInterfaceOrientations_iPad = "UIInterfaceOrientationLandscapeLeft UIInterfaceOrientationLandscapeRight UIInterfaceOrientationPortrait UIInterfaceOrientationPortraitUpsideDown";
				IPHONEOS_DEPLOYMENT_TARGET = 13.0;
				LD_RUNPATH_SEARCH_PATHS = (
					"$(inherited)",
					"@executable_path/Frameworks",
				);
				MARKETING_VERSION = 1.0;
				PRODUCT_BUNDLE_IDENTIFIER = com.jyj.YearEndBetting;
				PRODUCT_NAME = "$(TARGET_NAME)";
				SUPPORTED_PLATFORMS = "iphoneos iphonesimulator";
				SUPPORTS_MACCATALYST = NO;
				SWIFT_EMIT_LOC_STRINGS = YES;
				SWIFT_VERSION = 5.0;
				TARGETED_DEVICE_FAMILY = 1;
			};
			name = Release;
		};
/* End XCBuildConfiguration section */

/* Begin XCConfigurationList section */
		D026C79D2CF6B17000023305 /* Build configuration list for PBXProject "YearEndBetting" */ = {
			isa = XCConfigurationList;
			buildConfigurations = (
				D026C7B42CF6B17200023305 /* Debug */,
				D026C7B52CF6B17200023305 /* Release */,
			);
			defaultConfigurationIsVisible = 0;
			defaultConfigurationName = Release;
		};
		D026C7B62CF6B17200023305 /* Build configuration list for PBXNativeTarget "YearEndBetting" */ = {
			isa = XCConfigurationList;
			buildConfigurations = (
				D026C7B72CF6B17200023305 /* Debug */,
				D026C7B82CF6B17200023305 /* Release */,
			);
			defaultConfigurationIsVisible = 0;
			defaultConfigurationName = Release;
		};
/* End XCConfigurationList section */
	};
	rootObject = D026C79A2CF6B17000023305 /* Project object */;
}
